
Microsoft Visual Studio Solution File, Format Version 12.00
# Visual Studio Version 17
VisualStudioVersion = 17.1.32328.378
MinimumVisualStudioVersion = 10.0.40219.1
Project("{FAE04EC0-301F-11D3-BF4B-00C04F79EFBC}") = "Sans", "Sans\Sans.csproj", "{215DE612-2599-4BAC-8257-DBB94485C77D}"
EndProject
Global
	GlobalSection(SolutionConfigurationPlatforms) = preSolution
		Debug|Any CPU = Debug|Any CPU
		Release|Any CPU = Release|Any CPU
	EndGlobalSection
	GlobalSection(ProjectConfigurationPlatforms) = postSolution
		{215DE612-2599-4BAC-8257-DBB94485C77D}.Debug|Any CPU.ActiveCfg = Debug|Any CPU
		{215DE612-2599-4BAC-8257-DBB94485C77D}.Debug|Any CPU.Build.0 = Debug|Any CPU
		{215DE612-2599-4BAC-8257-DBB94485C77D}.Release|Any CPU.ActiveCfg = Release|Any CPU
		{215DE612-2599-4BAC-8257-DBB94485C77D}.Release|Any CPU.Build.0 = Release|Any CPU
	EndGlobalSection
	GlobalSection(SolutionProperties) = preSolution
		HideSolutionNode = FALSE
	EndGlobalSection
	GlobalSection(ExtensibilityGlobals) = postSolution
		SolutionGuid = {E994D31B-7E37-4A17-811A-524023A653C2}
	EndGlobalSection
EndGlobal
